
Microsoft Visual Studio Solution File, Format Version 12.00
# Visual Studio 14
VisualStudioVersion = 14.0.25123.0
MinimumVisualStudioVersion = 10.0.40219.1
Project("{2150E333-8FDC-42A3-9474-1A3956D46DE8}") = "src", "src", "{EE1488EF-C1F5-4753-B8E2-195C7F0FC335}"
EndProject
Project("{2150E333-8FDC-42A3-9474-1A3956D46DE8}") = "Solution Items", "Solution Items", "{550A6138-B88E-44B6-856D-07A672F34B3D}"
	ProjectSection(SolutionItems) = preProject
		global.json = global.json
	EndProjectSection
EndProject
Project("{8BB2217D-0F2D-49D1-97BC-3654ED321F3B}") = "AspnetCoreAngular2Starter.MVC", "src\AspnetCoreAngular2Starter.MVC\AspnetCoreAngular2Starter.MVC.xproj", "{0F63CBDF-E76E-4AFF-AFAC-E4A72F985610}"
EndProject
Project("{E24C65DC-7377-472B-9ABA-BC803B73C61A}") = "AspnetCoreAngular2Starter.Frontend", "src\AspnetCoreAngular2Starter.Frontend\", "{222C33F0-3CDA-4CF2-ABC6-19012CD9D8FA}"
	ProjectSection(WebsiteProperties) = preProject
		TargetFrameworkMoniker = ".NETFramework,Version%3Dv4.0"
		Debug.AspNetCompiler.VirtualPath = "/localhost_52850"
		Debug.AspNetCompiler.PhysicalPath = "src\AspnetCoreAngular2Starter.Frontend\"
		Debug.AspNetCompiler.TargetPath = "PrecompiledWeb\localhost_52850\"
		Debug.AspNetCompiler.Updateable = "true"
		Debug.AspNetCompiler.ForceOverwrite = "true"
		Debug.AspNetCompiler.FixedNames = "false"
		Debug.AspNetCompiler.Debug = "True"
		Release.AspNetCompiler.VirtualPath = "/localhost_52850"
		Release.AspNetCompiler.PhysicalPath = "src\AspnetCoreAngular2Starter.Frontend\"
		Release.AspNetCompiler.TargetPath = "PrecompiledWeb\localhost_52850\"
		Release.AspNetCompiler.Updateable = "true"
		Release.AspNetCompiler.ForceOverwrite = "true"
		Release.AspNetCompiler.FixedNames = "false"
		Release.AspNetCompiler.Debug = "False"
		VWDPort = "52850"
		SlnRelativePath = "src\AspnetCoreAngular2Starter.Frontend\"
	EndProjectSection
EndProject
Project("{2150E333-8FDC-42A3-9474-1A3956D46DE8}") = "scripts", "scripts", "{4D3C6180-E59C-4B60-AC0C-888D873DF4CB}"
	ProjectSection(SolutionItems) = preProject
		scripts\build.ps1 = scripts\build.ps1
		scripts\deploy.ps1 = scripts\deploy.ps1
	EndProjectSection
EndProject
Project("{2150E333-8FDC-42A3-9474-1A3956D46DE8}") = "frontend", "frontend", "{DD2995A5-D3E1-4A12-AFAB-1E9223A4D1D4}"
	ProjectSection(SolutionItems) = preProject
		scripts\frontend\build.ps1 = scripts\frontend\build.ps1
		scripts\frontend\deploy.ps1 = scripts\frontend\deploy.ps1
	EndProjectSection
EndProject
Project("{2150E333-8FDC-42A3-9474-1A3956D46DE8}") = "backend", "backend", "{719A505D-CA3D-438E-B961-07CEDD065939}"
EndProject
Project("{2150E333-8FDC-42A3-9474-1A3956D46DE8}") = "utility", "utility", "{79EA64B7-B68F-48CC-855E-A7B61D0ACDF8}"
	ProjectSection(SolutionItems) = preProject
		scripts\utility\UpdateWebAppSettings.ps1 = scripts\utility\UpdateWebAppSettings.ps1
	EndProjectSection
EndProject
Global
	GlobalSection(SolutionConfigurationPlatforms) = preSolution
		Debug|Any CPU = Debug|Any CPU
		Release|Any CPU = Release|Any CPU
	EndGlobalSection
	GlobalSection(ProjectConfigurationPlatforms) = postSolution
		{0F63CBDF-E76E-4AFF-AFAC-E4A72F985610}.Debug|Any CPU.ActiveCfg = Debug|Any CPU
		{0F63CBDF-E76E-4AFF-AFAC-E4A72F985610}.Debug|Any CPU.Build.0 = Debug|Any CPU
		{0F63CBDF-E76E-4AFF-AFAC-E4A72F985610}.Release|Any CPU.ActiveCfg = Release|Any CPU
		{0F63CBDF-E76E-4AFF-AFAC-E4A72F985610}.Release|Any CPU.Build.0 = Release|Any CPU
		{222C33F0-3CDA-4CF2-ABC6-19012CD9D8FA}.Debug|Any CPU.ActiveCfg = Debug|Any CPU
		{222C33F0-3CDA-4CF2-ABC6-19012CD9D8FA}.Debug|Any CPU.Build.0 = Debug|Any CPU
		{222C33F0-3CDA-4CF2-ABC6-19012CD9D8FA}.Release|Any CPU.ActiveCfg = Debug|Any CPU
		{222C33F0-3CDA-4CF2-ABC6-19012CD9D8FA}.Release|Any CPU.Build.0 = Debug|Any CPU
	EndGlobalSection
	GlobalSection(SolutionProperties) = preSolution
		HideSolutionNode = FALSE
	EndGlobalSection
	GlobalSection(NestedProjects) = preSolution
		{0F63CBDF-E76E-4AFF-AFAC-E4A72F985610} = {EE1488EF-C1F5-4753-B8E2-195C7F0FC335}
		{222C33F0-3CDA-4CF2-ABC6-19012CD9D8FA} = {EE1488EF-C1F5-4753-B8E2-195C7F0FC335}
		{4D3C6180-E59C-4B60-AC0C-888D873DF4CB} = {550A6138-B88E-44B6-856D-07A672F34B3D}
		{DD2995A5-D3E1-4A12-AFAB-1E9223A4D1D4} = {4D3C6180-E59C-4B60-AC0C-888D873DF4CB}
		{719A505D-CA3D-438E-B961-07CEDD065939} = {4D3C6180-E59C-4B60-AC0C-888D873DF4CB}
		{79EA64B7-B68F-48CC-855E-A7B61D0ACDF8} = {4D3C6180-E59C-4B60-AC0C-888D873DF4CB}
	EndGlobalSection
EndGlobal
